<?xml version="1.0" encoding="UTF-8" standalone="yes" ?>
<CodeBlocks_project_file>
	<FileVersion major="1" minor="6" />
	<Project>
		<Option title="TemplateTugasBesar" />
		<Option pch_mode="2" />
		<Option compiler="gcc" />
		<Build>
			<Target title="Debug">
				<Option output="bin/Debug/TemplateTugasBesar" prefix_auto="1" extension_auto="1" />
				<Option object_output="obj/Debug/" />
				<Option type="1" />
				<Option compiler="gcc" />
				<Compiler>
					<Add option="-g" />
				</Compiler>
			</Target>
			<Target title="Release">
				<Option output="bin/Release/TemplateTugasBesar" prefix_auto="1" extension_auto="1" />
				<Option object_output="obj/Release/" />
				<Option type="1" />
				<Option compiler="gcc" />
				<Compiler>
					<Add option="-O2" />
				</Compiler>
				<Linker>
					<Add option="-s" />
				</Linker>
			</Target>
		</Build>
		<Compiler>
			<Add option="-Wall" />
			<Add option="-fexceptions" />
		</Compiler>
		<Unit filename="controllers.cpp" />
		<Unit filename="controllers.h" />
		<Unit filename="finalQueue.cpp" />
		<Unit filename="finalQueue.h" />
		<Unit filename="main.cpp" />
		<Unit filename="queueUser.cpp" />
		<Unit filename="queueUser.h" />
		<Unit filename="stackBinaryDecimal.cpp" />
		<Unit filename="stackBinaryDecimal.h" />
		<Unit filename="stackPalyndrome.cpp" />
		<Unit filename="stackPalyndrome.h" />
		<Extensions />
	</Project>
</CodeBlocks_project_file>
